{
  "version": 4,
  "terraform_version": "1.11.2",
  "serial": 30,
  "lineage": "6d707b71-a702-c0a0-b2ff-5a7a7bffc6a3",
  "outputs": {
    "codedeploy_app_name": {
      "value": "istory-app",
      "type": "string"
    },
    "codedeploy_deployment_group_name": {
      "value": "istory-deploy-group",
      "type": "string"
    },
    "dev_istory_nginx_instance_public_ip": {
      "value": "43.201.7.208",
      "type": "string"
    },
    "istory-deploy-bucket_name": {
      "value": "istory-deploy-bucket-539247488838",
      "type": "string"
    },
    "rds_database_name": {
      "value": "istory",
      "type": "string"
    },
    "rds_endpoint": {
      "value": "istory-db.cvmca68m2j7s.ap-northeast-2.rds.amazonaws.com:3306",
      "type": "string"
    },
    "rds_username": {
      "value": "user",
      "type": "string"
    },
    "ssh_private_key_pem": {
      "value": "-----BEGIN RSA PRIVATE KEY-----\nMIIEogIBAAKCAQEAxrpiFNZh8vXa08FA4bfVcHGWIZkHbHOkO+oLbd175dSpGdTV\nq6cXQW+Jsl0FB7O8rb8BoYlrv9rOh/mQvDhS13crCr8B0ZWYNj2BR7DFnCz5npXG\nKyppkd0HwQ7k3/y7vpJfp0nYRo/pVRjZeUUSskSw1eKBh+uiWG00RqmdWKNRr9ZL\n9z6dUwCygqDhAknamBEEhdkmELR9E4Pl3tx7k51YMQip/v8gDx+3cHJL6DYjj75h\njrFis6BD3XfKEo+5HdoRb9+388naVtbOZlTiLPrFY/OsUVXT3GVLE/n6KIC/1+6b\nqJNOTjmlgx9gjHamBwyHyMC38ZJveSDazL+xzwIDAQABAoIBAGZQHSEXQrSAqVnu\nHAZZzBSpFh9UFwNaAksqcxnsNtacBzeaYSuPyiRRVXYz99wASHq3ZRKSmpva/gv5\ni++rm9L8sndE4Z3Sw9vhDIcpVoPSj+16tN0SZ+nF/zEBBwreppY16/NHzIZ/nyTF\nt2l9C2Qmg1iK1h9xTFL0Xj6nIrA39KFXAiW9RmeO06GvPo/lSFJlZtfT0dYep5EE\npglaZwDhET4XO6UvBFMjWfV6rphNhyJC1zZjwbSsRW63jt5E/X5QtQSuhVrtafKg\nic4PDT+essxxEPCS0dPEDsefK+J5B9grHISQ4BftGK7zXIfb2YH4l4jfKDDrHS92\nsLMfLYkCgYEA8Ja41BwhLBtvqMqqk7Ti40CT3tDcROh3TSVUo5+SKdmYxOjTU8IE\nIVTBS/InhxjkgkkLhF6n1M7oaxzfGN0eqHY9eoyM2PM5LqtNrzFNMVfTnYHS+Hjy\n18v6WvL07igNta1fUhbK8cSuuKdwpSKPygogXlD2qmeMF0EFeDXigTMCgYEA03U2\nHYZHe1zHsdzIpdoCcQz0R6KfKjUQtK+v6DW2QI39H66hzjv9NOZFV+tr7pHoNcJq\neIqk3Ruz7F2HxK+5zD8DTXDb50TUOG9rIkxWyuuBWW8uvGgHjkPj5Y/7pmtYoFDK\nwC7IIu3aCj43n9ryxLoZ6LUkS29eXO8cg621xPUCgYAauaNubHGC5MlShrDMF5vc\ngp/qcGkHfotCFpOAWYly/KjrtrFC7Jpo2XFfblbVuv4nOtX8rkcWbKWEwIBH0shF\nDl1l75b1wo7nkD/g5ikdAhSPuowk7cqMDiyRTcvHaMudEtUz2TRSBvchq/fnYB94\n4gcWcwfzhe0Z6C8jW1j94QKBgEYS86n5E7sn1e11MvDzPBfmqRUMKR69kxmtluem\n1QyzgQx8vJYxfwmGvbgTBiN7Kq6WDN6BY3z6bzeHDzT43uN2hkuleNo9Du7czW4C\nSkjYnnbax2wcNVTJ3r32ZviRXj9SRr5FQoGAvN7kG17YGddjrK5XSP3OnEDD5Hkm\nmbP5AoGAXhnchBra7RvyeRD/9+NS3O8ZsONd5kx4no9fND8LFCqivVArsoFdNWuH\n6KMf6YubUCQIigUsiPQiynsQhiYIF5yBQKbaJiv/47cWthCdROv5L4+hRvQvdkxn\nK/qm+BIvvDACdiSfVGKqRnYpM25swQ43zfspSCpuAB4CCyCiXxw=\n-----END RSA PRIVATE KEY-----\n",
      "type": "string",
      "sensitive": true
    }
  },
  "resources": [
    {
      "mode": "data",
      "type": "aws_caller_identity",
      "name": "current",
      "provider": "provider[\"registry.terraform.io/hashicorp/aws\"]",
      "instances": [
        {
          "schema_version": 0,
          "attributes": {
            "account_id": "539247488838",
            "arn": "arn:aws:iam::539247488838:user/cicd",
            "id": "539247488838",
            "user_id": "AIDAX3DNHV5DNWHPIW33Z"
          },
          "sensitive_attributes": []
        }
      ]
    },
    {
      "mode": "managed",
      "type": "aws_codedeploy_app",
      "name": "istory-app",
      "provider": "provider[\"registry.terraform.io/hashicorp/aws\"]",
      "instances": [
        {
          "schema_version": 0,
          "attributes": {
            "application_id": "ebf8659b-b92b-4fdb-bc0c-529fca95b5e7",
            "arn": "arn:aws:codedeploy:ap-northeast-2:539247488838:application:istory-app",
            "compute_platform": "Server",
            "github_account_name": "",
            "id": "ebf8659b-b92b-4fdb-bc0c-529fca95b5e7:istory-app",
            "linked_to_github": false,
            "name": "istory-app",
            "tags": null,
            "tags_all": {}
          },
          "sensitive_attributes": [],
          "private": "bnVsbA=="
        }
      ]
    },
    {
      "mode": "managed",
      "type": "aws_codedeploy_deployment_group",
      "name": "istory-deploy_group",
      "provider": "provider[\"registry.terraform.io/hashicorp/aws\"]",
      "instances": [
        {
          "schema_version": 0,
          "attributes": {
            "alarm_configuration": [],
            "app_name": "istory-app",
            "arn": "arn:aws:codedeploy:ap-northeast-2:539247488838:deploymentgroup:istory-app/istory-deploy-group",
            "auto_rollback_configuration": [
              {
                "enabled": true,
                "events": [
                  "DEPLOYMENT_FAILURE"
                ]
              }
            ],
            "autoscaling_groups": null,
            "blue_green_deployment_config": [],
            "compute_platform": "Server",
            "deployment_config_name": "CodeDeployDefault.OneAtATime",
            "deployment_group_id": "a17161f3-f606-4765-80aa-481a7e391d3d",
            "deployment_group_name": "istory-deploy-group",
            "deployment_style": [
              {
                "deployment_option": "WITHOUT_TRAFFIC_CONTROL",
                "deployment_type": "IN_PLACE"
              }
            ],
            "ec2_tag_filter": [],
            "ec2_tag_set": [
              {
                "ec2_tag_filter": [
                  {
                    "key": "Environment",
                    "type": "KEY_AND_VALUE",
                    "value": "Development"
                  }
                ]
              }
            ],
            "ecs_service": [],
            "id": "a17161f3-f606-4765-80aa-481a7e391d3d",
            "load_balancer_info": [],
            "on_premises_instance_tag_filter": [],
            "outdated_instances_strategy": "UPDATE",
            "service_role_arn": "arn:aws:iam::539247488838:role/CodeDeployServiceRole",
            "tags": null,
            "tags_all": {},
            "termination_hook_enabled": false,
            "trigger_configuration": []
          },
          "sensitive_attributes": [],
          "private": "bnVsbA==",
          "dependencies": [
            "aws_codedeploy_app.istory-app",
            "aws_iam_role.codedeploy_service_role"
          ]
        }
      ]
    },
    {
      "mode": "managed",
      "type": "aws_db_instance",
      "name": "istory_db",
      "provider": "provider[\"registry.terraform.io/hashicorp/aws\"]",
      "instances": [
        {
          "schema_version": 2,
          "attributes": {
            "address": "istory-db.cvmca68m2j7s.ap-northeast-2.rds.amazonaws.com",
            "allocated_storage": 20,
            "allow_major_version_upgrade": null,
            "apply_immediately": false,
            "arn": "arn:aws:rds:ap-northeast-2:539247488838:db:istory-db",
            "auto_minor_version_upgrade": true,
            "availability_zone": "ap-northeast-2b",
            "backup_retention_period": 7,
            "backup_target": "region",
            "backup_window": "03:00-04:00",
            "blue_green_update": [],
            "ca_cert_identifier": "rds-ca-rsa2048-g1",
            "character_set_name": "",
            "copy_tags_to_snapshot": false,
            "custom_iam_instance_profile": "",
            "customer_owned_ip_enabled": false,
            "database_insights_mode": "standard",
            "db_name": "istory",
            "db_subnet_group_name": "istory-db-subnet-group",
            "dedicated_log_volume": false,
            "delete_automated_backups": true,
            "deletion_protection": false,
            "domain": "",
            "domain_auth_secret_arn": "",
            "domain_dns_ips": null,
            "domain_fqdn": "",
            "domain_iam_role_name": "",
            "domain_ou": "",
            "enabled_cloudwatch_logs_exports": null,
            "endpoint": "istory-db.cvmca68m2j7s.ap-northeast-2.rds.amazonaws.com:3306",
            "engine": "mysql",
            "engine_lifecycle_support": "open-source-rds-extended-support",
            "engine_version": "8.0",
            "engine_version_actual": "8.0.40",
            "final_snapshot_identifier": null,
            "hosted_zone_id": "ZLA2NUCOLGUUR",
            "iam_database_authentication_enabled": false,
            "id": "db-MEXP4ZYNBAJP2T5L7E5YVASAEQ",
            "identifier": "istory-db",
            "identifier_prefix": "",
            "instance_class": "db.t3.micro",
            "iops": 0,
            "kms_key_id": "",
            "latest_restorable_time": "2025-03-22T05:55:02Z",
            "license_model": "general-public-license",
            "listener_endpoint": [],
            "maintenance_window": "mon:04:00-mon:05:00",
            "manage_master_user_password": null,
            "master_user_secret": [],
            "master_user_secret_kms_key_id": null,
            "max_allocated_storage": 0,
            "monitoring_interval": 0,
            "monitoring_role_arn": "",
            "multi_az": false,
            "nchar_character_set_name": "",
            "network_type": "IPV4",
            "option_group_name": "default:mysql-8-0",
            "parameter_group_name": "istory-db-parameter-group",
            "password": "user12345",
            "password_wo": null,
            "password_wo_version": null,
            "performance_insights_enabled": false,
            "performance_insights_kms_key_id": "",
            "performance_insights_retention_period": 0,
            "port": 3306,
            "publicly_accessible": false,
            "replica_mode": "",
            "replicas": [],
            "replicate_source_db": "",
            "resource_id": "db-MEXP4ZYNBAJP2T5L7E5YVASAEQ",
            "restore_to_point_in_time": [],
            "s3_import": [],
            "skip_final_snapshot": true,
            "snapshot_identifier": null,
            "status": "available",
            "storage_encrypted": false,
            "storage_throughput": 0,
            "storage_type": "gp2",
            "tags": {
              "Environment": "Development",
              "Name": "istory"
            },
            "tags_all": {
              "Environment": "Development",
              "Name": "istory"
            },
            "timeouts": null,
            "timezone": "",
            "upgrade_storage_config": null,
            "username": "user",
            "vpc_security_group_ids": [
              "sg-07f4b460a71bac8e2"
            ]
          },
          "sensitive_attributes": [
            [
              {
                "type": "get_attr",
                "value": "password"
              }
            ],
            [
              {
                "type": "get_attr",
                "value": "password_wo"
              }
            ]
          ],
          "private": "eyJlMmJmYjczMC1lY2FhLTExZTYtOGY4OC0zNDM2M2JjN2M0YzAiOnsiY3JlYXRlIjozMDAwMDAwMDAwMDAwLCJkZWxldGUiOjM2MDAwMDAwMDAwMDAsInVwZGF0ZSI6NDgwMDAwMDAwMDAwMH0sInNjaGVtYV92ZXJzaW9uIjoiMiJ9",
          "dependencies": [
            "aws_db_parameter_group.istory_db_parameter_group",
            "aws_db_subnet_group.istory_db_subnet_group",
            "aws_security_group.istory_nginx_sg",
            "aws_security_group.istory_rds_sg",
            "aws_subnet.dangtong-vpc-public-subnet",
            "aws_vpc.dangtong-vpc"
          ]
        }
      ]
    },
    {
      "mode": "managed",
      "type": "aws_db_parameter_group",
      "name": "istory_db_parameter_group",
      "provider": "provider[\"registry.terraform.io/hashicorp/aws\"]",
      "instances": [
        {
          "schema_version": 0,
          "attributes": {
            "arn": "arn:aws:rds:ap-northeast-2:539247488838:pg:istory-db-parameter-group",
            "description": "Managed by Terraform",
            "family": "mysql8.0",
            "id": "istory-db-parameter-group",
            "name": "istory-db-parameter-group",
            "name_prefix": "",
            "parameter": [
              {
                "apply_method": "immediate",
                "name": "character_set_client",
                "value": "utf8mb4"
              },
              {
                "apply_method": "immediate",
                "name": "character_set_server",
                "value": "utf8mb4"
              }
            ],
            "skip_destroy": false,
            "tags": null,
            "tags_all": {}
          },
          "sensitive_attributes": [],
          "private": "bnVsbA=="
        }
      ]
    },
    {
      "mode": "managed",
      "type": "aws_db_subnet_group",
      "name": "istory_db_subnet_group",
      "provider": "provider[\"registry.terraform.io/hashicorp/aws\"]",
      "instances": [
        {
          "schema_version": 0,
          "attributes": {
            "arn": "arn:aws:rds:ap-northeast-2:539247488838:subgrp:istory-db-subnet-group",
            "description": "Managed by Terraform",
            "id": "istory-db-subnet-group",
            "name": "istory-db-subnet-group",
            "name_prefix": "",
            "subnet_ids": [
              "subnet-0373fec166298587e",
              "subnet-0444f3b54ef92dd41",
              "subnet-071873cf409d0390a",
              "subnet-0b7b903a6eabcd557"
            ],
            "supported_network_types": [
              "IPV4"
            ],
            "tags": {
              "Name": "istory DB subnet group"
            },
            "tags_all": {
              "Name": "istory DB subnet group"
            },
            "vpc_id": "vpc-0263223bd52c01969"
          },
          "sensitive_attributes": [],
          "private": "bnVsbA==",
          "dependencies": [
            "aws_subnet.dangtong-vpc-public-subnet",
            "aws_vpc.dangtong-vpc"
          ]
        }
      ]
    },
    {
      "mode": "managed",
      "type": "aws_iam_instance_profile",
      "name": "ec2_profile",
      "provider": "provider[\"registry.terraform.io/hashicorp/aws\"]",
      "instances": [
        {
          "schema_version": 0,
          "attributes": {
            "arn": "arn:aws:iam::539247488838:instance-profile/EC2CodeDeployProfile",
            "create_date": "2025-03-22T05:50:11Z",
            "id": "EC2CodeDeployProfile",
            "name": "EC2CodeDeployProfile",
            "name_prefix": "",
            "path": "/",
            "role": "EC2CodeDeployRole",
            "tags": null,
            "tags_all": {},
            "unique_id": "AIPAX3DNHV5DJOUNZTKLR"
          },
          "sensitive_attributes": [],
          "private": "bnVsbA==",
          "dependencies": [
            "aws_iam_role.ec2_codedeploy_role"
          ]
        }
      ]
    },
    {
      "mode": "managed",
      "type": "aws_iam_role",
      "name": "codedeploy_service_role",
      "provider": "provider[\"registry.terraform.io/hashicorp/aws\"]",
      "instances": [
        {
          "schema_version": 0,
          "attributes": {
            "arn": "arn:aws:iam::539247488838:role/CodeDeployServiceRole",
            "assume_role_policy": "{\"Statement\":[{\"Action\":\"sts:AssumeRole\",\"Effect\":\"Allow\",\"Principal\":{\"Service\":\"codedeploy.amazonaws.com\"}}],\"Version\":\"2012-10-17\"}",
            "create_date": "2025-03-22T05:50:10Z",
            "description": "",
            "force_detach_policies": false,
            "id": "CodeDeployServiceRole",
            "inline_policy": [],
            "managed_policy_arns": [],
            "max_session_duration": 3600,
            "name": "CodeDeployServiceRole",
            "name_prefix": "",
            "path": "/",
            "permissions_boundary": "",
            "tags": {
              "Name": "codedeploy-service-role"
            },
            "tags_all": {
              "Name": "codedeploy-service-role"
            },
            "unique_id": "AROAX3DNHV5DOEKPK2RIJ"
          },
          "sensitive_attributes": [],
          "private": "bnVsbA=="
        }
      ]
    },
    {
      "mode": "managed",
      "type": "aws_iam_role",
      "name": "ec2_codedeploy_role",
      "provider": "provider[\"registry.terraform.io/hashicorp/aws\"]",
      "instances": [
        {
          "schema_version": 0,
          "attributes": {
            "arn": "arn:aws:iam::539247488838:role/EC2CodeDeployRole",
            "assume_role_policy": "{\"Statement\":[{\"Action\":\"sts:AssumeRole\",\"Effect\":\"Allow\",\"Principal\":{\"Service\":\"ec2.amazonaws.com\"}}],\"Version\":\"2012-10-17\"}",
            "create_date": "2025-03-22T05:50:10Z",
            "description": "",
            "force_detach_policies": false,
            "id": "EC2CodeDeployRole",
            "inline_policy": [],
            "managed_policy_arns": [],
            "max_session_duration": 3600,
            "name": "EC2CodeDeployRole",
            "name_prefix": "",
            "path": "/",
            "permissions_boundary": "",
            "tags": {
              "Name": "ec2-codedeploy-role"
            },
            "tags_all": {
              "Name": "ec2-codedeploy-role"
            },
            "unique_id": "AROAX3DNHV5DHU2XOOAJ4"
          },
          "sensitive_attributes": [],
          "private": "bnVsbA=="
        }
      ]
    },
    {
      "mode": "managed",
      "type": "aws_iam_role_policy_attachment",
      "name": "codedeploy_service",
      "provider": "provider[\"registry.terraform.io/hashicorp/aws\"]",
      "instances": [
        {
          "schema_version": 0,
          "attributes": {
            "id": "CodeDeployServiceRole-20250322055006449400000002",
            "policy_arn": "arn:aws:iam::aws:policy/service-role/AWSCodeDeployRole",
            "role": "CodeDeployServiceRole"
          },
          "sensitive_attributes": [],
          "private": "bnVsbA==",
          "dependencies": [
            "aws_iam_role.codedeploy_service_role"
          ]
        }
      ]
    },
    {
      "mode": "managed",
      "type": "aws_iam_role_policy_attachment",
      "name": "ec2_codedeploy",
      "provider": "provider[\"registry.terraform.io/hashicorp/aws\"]",
      "instances": [
        {
          "schema_version": 0,
          "attributes": {
            "id": "EC2CodeDeployRole-20250322055006184200000001",
            "policy_arn": "arn:aws:iam::aws:policy/service-role/AWSCodeDeployRole",
            "role": "EC2CodeDeployRole"
          },
          "sensitive_attributes": [],
          "private": "bnVsbA==",
          "dependencies": [
            "aws_iam_role.ec2_codedeploy_role"
          ]
        }
      ]
    },
    {
      "mode": "managed",
      "type": "aws_iam_role_policy_attachment",
      "name": "ec2_codedeploy_s3",
      "provider": "provider[\"registry.terraform.io/hashicorp/aws\"]",
      "instances": [
        {
          "schema_version": 0,
          "attributes": {
            "id": "EC2CodeDeployRole-20250322055006573800000003",
            "policy_arn": "arn:aws:iam::aws:policy/AmazonS3ReadOnlyAccess",
            "role": "EC2CodeDeployRole"
          },
          "sensitive_attributes": [],
          "private": "bnVsbA==",
          "dependencies": [
            "aws_iam_role.ec2_codedeploy_role"
          ]
        }
      ]
    },
    {
      "mode": "managed",
      "type": "aws_instance",
      "name": "dev_istory_nginx_instance",
      "provider": "provider[\"registry.terraform.io/hashicorp/aws\"]",
      "instances": [
        {
          "schema_version": 1,
          "attributes": {
            "ami": "ami-08b09b6acd8d62254",
            "arn": "arn:aws:ec2:ap-northeast-2:539247488838:instance/i-05dba6d164aa52a16",
            "associate_public_ip_address": true,
            "availability_zone": "ap-northeast-2a",
            "capacity_reservation_specification": [
              {
                "capacity_reservation_preference": "open",
                "capacity_reservation_target": []
              }
            ],
            "cpu_core_count": 1,
            "cpu_options": [
              {
                "amd_sev_snp": "",
                "core_count": 1,
                "threads_per_core": 1
              }
            ],
            "cpu_threads_per_core": 1,
            "credit_specification": [
              {
                "cpu_credits": "standard"
              }
            ],
            "disable_api_stop": false,
            "disable_api_termination": false,
            "ebs_block_device": [],
            "ebs_optimized": false,
            "enable_primary_ipv6": null,
            "enclave_options": [
              {
                "enabled": false
              }
            ],
            "ephemeral_block_device": [],
            "get_password_data": false,
            "hibernation": false,
            "host_id": "",
            "host_resource_group_arn": null,
            "iam_instance_profile": "EC2CodeDeployProfile",
            "id": "i-05dba6d164aa52a16",
            "instance_initiated_shutdown_behavior": "stop",
            "instance_lifecycle": "",
            "instance_market_options": [],
            "instance_state": "running",
            "instance_type": "t2.micro",
            "ipv6_address_count": 0,
            "ipv6_addresses": [],
            "key_name": "ec2-key_pair",
            "launch_template": [],
            "maintenance_options": [
              {
                "auto_recovery": "default"
              }
            ],
            "metadata_options": [
              {
                "http_endpoint": "enabled",
                "http_protocol_ipv6": "disabled",
                "http_put_response_hop_limit": 1,
                "http_tokens": "optional",
                "instance_metadata_tags": "disabled"
              }
            ],
            "monitoring": false,
            "network_interface": [],
            "outpost_arn": "",
            "password_data": "",
            "placement_group": "",
            "placement_partition_number": 0,
            "primary_network_interface_id": "eni-0fd25dd87e404cb5e",
            "private_dns": "ip-10-0-1-97.ap-northeast-2.compute.internal",
            "private_dns_name_options": [
              {
                "enable_resource_name_dns_a_record": false,
                "enable_resource_name_dns_aaaa_record": false,
                "hostname_type": "ip-name"
              }
            ],
            "private_ip": "10.0.1.97",
            "public_dns": "ec2-43-201-7-208.ap-northeast-2.compute.amazonaws.com",
            "public_ip": "43.201.7.208",
            "root_block_device": [
              {
                "delete_on_termination": true,
                "device_name": "/dev/xvda",
                "encrypted": false,
                "iops": 100,
                "kms_key_id": "",
                "tags": {},
                "tags_all": {},
                "throughput": 0,
                "volume_id": "vol-0a7c41a40d6312993",
                "volume_size": 8,
                "volume_type": "gp2"
              }
            ],
            "secondary_private_ips": [],
            "security_groups": [],
            "source_dest_check": true,
            "spot_instance_request_id": "",
            "subnet_id": "subnet-0444f3b54ef92dd41",
            "tags": {
              "Environment": "Development",
              "Name": "istory nginx-server"
            },
            "tags_all": {
              "Environment": "Development",
              "Name": "istory nginx-server"
            },
            "tenancy": "default",
            "timeouts": null,
            "user_data": "89573fc17c6928260a1ff3340398cee177fd96f0",
            "user_data_base64": null,
            "user_data_replace_on_change": false,
            "volume_tags": null,
            "vpc_security_group_ids": [
              "sg-037a036cc350c1db2"
            ]
          },
          "sensitive_attributes": [],
          "private": "eyJlMmJmYjczMC1lY2FhLTExZTYtOGY4OC0zNDM2M2JjN2M0YzAiOnsiY3JlYXRlIjo2MDAwMDAwMDAwMDAsImRlbGV0ZSI6MTIwMDAwMDAwMDAwMCwicmVhZCI6OTAwMDAwMDAwMDAwLCJ1cGRhdGUiOjYwMDAwMDAwMDAwMH0sInNjaGVtYV92ZXJzaW9uIjoiMSJ9",
          "dependencies": [
            "aws_iam_instance_profile.ec2_profile",
            "aws_iam_role.ec2_codedeploy_role",
            "aws_key_pair.ec2_key_pair",
            "aws_security_group.istory_nginx_sg",
            "aws_subnet.dangtong-vpc-public-subnet",
            "aws_vpc.dangtong-vpc",
            "tls_private_key.ec2_private_key"
          ]
        }
      ]
    },
    {
      "mode": "managed",
      "type": "aws_internet_gateway",
      "name": "dangtong-igw",
      "provider": "provider[\"registry.terraform.io/hashicorp/aws\"]",
      "instances": [
        {
          "schema_version": 0,
          "attributes": {
            "arn": "arn:aws:ec2:ap-northeast-2:539247488838:internet-gateway/igw-0f8363345255ba102",
            "id": "igw-0f8363345255ba102",
            "owner_id": "539247488838",
            "tags": {
              "Name": "dangtong-igw"
            },
            "tags_all": {
              "Name": "dangtong-igw"
            },
            "timeouts": null,
            "vpc_id": "vpc-0263223bd52c01969"
          },
          "sensitive_attributes": [],
          "private": "eyJlMmJmYjczMC1lY2FhLTExZTYtOGY4OC0zNDM2M2JjN2M0YzAiOnsiY3JlYXRlIjoxMjAwMDAwMDAwMDAwLCJkZWxldGUiOjEyMDAwMDAwMDAwMDAsInVwZGF0ZSI6MTIwMDAwMDAwMDAwMH19",
          "dependencies": [
            "aws_vpc.dangtong-vpc"
          ]
        }
      ]
    },
    {
      "mode": "managed",
      "type": "aws_key_pair",
      "name": "ec2_key_pair",
      "provider": "provider[\"registry.terraform.io/hashicorp/aws\"]",
      "instances": [
        {
          "schema_version": 1,
          "attributes": {
            "arn": "arn:aws:ec2:ap-northeast-2:539247488838:key-pair/ec2-key_pair",
            "fingerprint": "eb:f4:43:8e:8b:2a:79:94:a4:5a:ca:36:f0:66:a9:c2",
            "id": "ec2-key_pair",
            "key_name": "ec2-key_pair",
            "key_name_prefix": "",
            "key_pair_id": "key-05e525c9815495791",
            "key_type": "rsa",
            "public_key": "ssh-rsa AAAAB3NzaC1yc2EAAAADAQABAAABAQDGumIU1mHy9drTwUDht9VwcZYhmQdsc6Q76gtt3Xvl1KkZ1NWrpxdBb4myXQUHs7ytvwGhiWu/2s6H+ZC8OFLXdysKvwHRlZg2PYFHsMWcLPmelcYrKmmR3QfBDuTf/Lu+kl+nSdhGj+lVGNl5RRKyRLDV4oGH66JYbTRGqZ1Yo1Gv1kv3Pp1TALKCoOECSdqYEQSF2SYQtH0Tg+Xe3HuTnVgxCKn+/yAPH7dwckvoNiOPvmGOsWKzoEPdd8oSj7kd2hFv37fzydpW1s5mVOIs+sVj86xRVdPcZUsT+foogL/X7puok05OOaWDH2CMdqYHDIfIwLfxkm95INrMv7HP",
            "tags": null,
            "tags_all": {}
          },
          "sensitive_attributes": [],
          "private": "eyJzY2hlbWFfdmVyc2lvbiI6IjEifQ==",
          "dependencies": [
            "tls_private_key.ec2_private_key"
          ]
        }
      ]
    },
    {
      "mode": "managed",
      "type": "aws_route_table",
      "name": "dangtong-vpc-public-rt",
      "provider": "provider[\"registry.terraform.io/hashicorp/aws\"]",
      "instances": [
        {
          "schema_version": 0,
          "attributes": {
            "arn": "arn:aws:ec2:ap-northeast-2:539247488838:route-table/rtb-0960e913f754429a4",
            "id": "rtb-0960e913f754429a4",
            "owner_id": "539247488838",
            "propagating_vgws": [],
            "route": [
              {
                "carrier_gateway_id": "",
                "cidr_block": "0.0.0.0/0",
                "core_network_arn": "",
                "destination_prefix_list_id": "",
                "egress_only_gateway_id": "",
                "gateway_id": "igw-0f8363345255ba102",
                "ipv6_cidr_block": "",
                "local_gateway_id": "",
                "nat_gateway_id": "",
                "network_interface_id": "",
                "transit_gateway_id": "",
                "vpc_endpoint_id": "",
                "vpc_peering_connection_id": ""
              }
            ],
            "tags": {
              "Name": "dangtong-vpc-public-rt"
            },
            "tags_all": {
              "Name": "dangtong-vpc-public-rt"
            },
            "timeouts": null,
            "vpc_id": "vpc-0263223bd52c01969"
          },
          "sensitive_attributes": [],
          "private": "eyJlMmJmYjczMC1lY2FhLTExZTYtOGY4OC0zNDM2M2JjN2M0YzAiOnsiY3JlYXRlIjozMDAwMDAwMDAwMDAsImRlbGV0ZSI6MzAwMDAwMDAwMDAwLCJ1cGRhdGUiOjEyMDAwMDAwMDAwMH19",
          "dependencies": [
            "aws_internet_gateway.dangtong-igw",
            "aws_vpc.dangtong-vpc"
          ]
        }
      ]
    },
    {
      "mode": "managed",
      "type": "aws_route_table_association",
      "name": "dangtong-vpc-public-rt",
      "provider": "provider[\"registry.terraform.io/hashicorp/aws\"]",
      "instances": [
        {
          "index_key": "a",
          "schema_version": 0,
          "attributes": {
            "gateway_id": "",
            "id": "rtbassoc-009c0fd7625ae7d4a",
            "route_table_id": "rtb-0960e913f754429a4",
            "subnet_id": "subnet-0444f3b54ef92dd41",
            "timeouts": null
          },
          "sensitive_attributes": [],
          "private": "eyJlMmJmYjczMC1lY2FhLTExZTYtOGY4OC0zNDM2M2JjN2M0YzAiOnsiY3JlYXRlIjozMDAwMDAwMDAwMDAsImRlbGV0ZSI6MzAwMDAwMDAwMDAwLCJ1cGRhdGUiOjEyMDAwMDAwMDAwMH19",
          "dependencies": [
            "aws_internet_gateway.dangtong-igw",
            "aws_route_table.dangtong-vpc-public-rt",
            "aws_subnet.dangtong-vpc-public-subnet",
            "aws_vpc.dangtong-vpc"
          ]
        },
        {
          "index_key": "b",
          "schema_version": 0,
          "attributes": {
            "gateway_id": "",
            "id": "rtbassoc-04dcca1c198e16dd5",
            "route_table_id": "rtb-0960e913f754429a4",
            "subnet_id": "subnet-071873cf409d0390a",
            "timeouts": null
          },
          "sensitive_attributes": [],
          "private": "eyJlMmJmYjczMC1lY2FhLTExZTYtOGY4OC0zNDM2M2JjN2M0YzAiOnsiY3JlYXRlIjozMDAwMDAwMDAwMDAsImRlbGV0ZSI6MzAwMDAwMDAwMDAwLCJ1cGRhdGUiOjEyMDAwMDAwMDAwMH19",
          "dependencies": [
            "aws_internet_gateway.dangtong-igw",
            "aws_route_table.dangtong-vpc-public-rt",
            "aws_subnet.dangtong-vpc-public-subnet",
            "aws_vpc.dangtong-vpc"
          ]
        },
        {
          "index_key": "c",
          "schema_version": 0,
          "attributes": {
            "gateway_id": "",
            "id": "rtbassoc-084257d3eee6fbac6",
            "route_table_id": "rtb-0960e913f754429a4",
            "subnet_id": "subnet-0373fec166298587e",
            "timeouts": null
          },
          "sensitive_attributes": [],
          "private": "eyJlMmJmYjczMC1lY2FhLTExZTYtOGY4OC0zNDM2M2JjN2M0YzAiOnsiY3JlYXRlIjozMDAwMDAwMDAwMDAsImRlbGV0ZSI6MzAwMDAwMDAwMDAwLCJ1cGRhdGUiOjEyMDAwMDAwMDAwMH19",
          "dependencies": [
            "aws_internet_gateway.dangtong-igw",
            "aws_route_table.dangtong-vpc-public-rt",
            "aws_subnet.dangtong-vpc-public-subnet",
            "aws_vpc.dangtong-vpc"
          ]
        },
        {
          "index_key": "d",
          "schema_version": 0,
          "attributes": {
            "gateway_id": "",
            "id": "rtbassoc-0728e72370be55fc9",
            "route_table_id": "rtb-0960e913f754429a4",
            "subnet_id": "subnet-0b7b903a6eabcd557",
            "timeouts": null
          },
          "sensitive_attributes": [],
          "private": "eyJlMmJmYjczMC1lY2FhLTExZTYtOGY4OC0zNDM2M2JjN2M0YzAiOnsiY3JlYXRlIjozMDAwMDAwMDAwMDAsImRlbGV0ZSI6MzAwMDAwMDAwMDAwLCJ1cGRhdGUiOjEyMDAwMDAwMDAwMH19",
          "dependencies": [
            "aws_internet_gateway.dangtong-igw",
            "aws_route_table.dangtong-vpc-public-rt",
            "aws_subnet.dangtong-vpc-public-subnet",
            "aws_vpc.dangtong-vpc"
          ]
        }
      ]
    },
    {
      "mode": "managed",
      "type": "aws_s3_bucket",
      "name": "istory-deploy-bucket",
      "provider": "provider[\"registry.terraform.io/hashicorp/aws\"]",
      "instances": [
        {
          "schema_version": 0,
          "attributes": {
            "acceleration_status": "",
            "acl": null,
            "arn": "arn:aws:s3:::istory-deploy-bucket-539247488838",
            "bucket": "istory-deploy-bucket-539247488838",
            "bucket_domain_name": "istory-deploy-bucket-539247488838.s3.amazonaws.com",
            "bucket_prefix": "",
            "bucket_regional_domain_name": "istory-deploy-bucket-539247488838.s3.ap-northeast-2.amazonaws.com",
            "cors_rule": [],
            "force_destroy": false,
            "grant": [
              {
                "id": "0ad242a774ad4a1b494e7582d80b09b05ba3199102e4bde6e006dd2671a67689",
                "permissions": [
                  "FULL_CONTROL"
                ],
                "type": "CanonicalUser",
                "uri": ""
              }
            ],
            "hosted_zone_id": "Z3W03O7B5YMIYP",
            "id": "istory-deploy-bucket-539247488838",
            "lifecycle_rule": [],
            "logging": [],
            "object_lock_configuration": [],
            "object_lock_enabled": false,
            "policy": "",
            "region": "ap-northeast-2",
            "replication_configuration": [],
            "request_payer": "BucketOwner",
            "server_side_encryption_configuration": [
              {
                "rule": [
                  {
                    "apply_server_side_encryption_by_default": [
                      {
                        "kms_master_key_id": "",
                        "sse_algorithm": "AES256"
                      }
                    ],
                    "bucket_key_enabled": false
                  }
                ]
              }
            ],
            "tags": null,
            "tags_all": {},
            "timeouts": null,
            "versioning": [
              {
                "enabled": false,
                "mfa_delete": false
              }
            ],
            "website": [],
            "website_domain": null,
            "website_endpoint": null
          },
          "sensitive_attributes": [],
          "private": "eyJlMmJmYjczMC1lY2FhLTExZTYtOGY4OC0zNDM2M2JjN2M0YzAiOnsiY3JlYXRlIjoxMjAwMDAwMDAwMDAwLCJkZWxldGUiOjM2MDAwMDAwMDAwMDAsInJlYWQiOjEyMDAwMDAwMDAwMDAsInVwZGF0ZSI6MTIwMDAwMDAwMDAwMH19",
          "dependencies": [
            "data.aws_caller_identity.current"
          ]
        }
      ]
    },
    {
      "mode": "managed",
      "type": "aws_s3_bucket_versioning",
      "name": "deploy_bucket_versioning",
      "provider": "provider[\"registry.terraform.io/hashicorp/aws\"]",
      "instances": [
        {
          "schema_version": 0,
          "attributes": {
            "bucket": "istory-deploy-bucket-539247488838",
            "expected_bucket_owner": "",
            "id": "istory-deploy-bucket-539247488838",
            "mfa": null,
            "versioning_configuration": [
              {
                "mfa_delete": "",
                "status": "Enabled"
              }
            ]
          },
          "sensitive_attributes": [],
          "private": "bnVsbA==",
          "dependencies": [
            "aws_s3_bucket.istory-deploy-bucket",
            "data.aws_caller_identity.current"
          ]
        }
      ]
    },
    {
      "mode": "managed",
      "type": "aws_security_group",
      "name": "istory_nginx_sg",
      "provider": "provider[\"registry.terraform.io/hashicorp/aws\"]",
      "instances": [
        {
          "schema_version": 1,
          "attributes": {
            "arn": "arn:aws:ec2:ap-northeast-2:539247488838:security-group/sg-037a036cc350c1db2",
            "description": "Managed by Terraform",
            "egress": [
              {
                "cidr_blocks": [
                  "0.0.0.0/0"
                ],
                "description": "",
                "from_port": 0,
                "ipv6_cidr_blocks": [],
                "prefix_list_ids": [],
                "protocol": "-1",
                "security_groups": [],
                "self": false,
                "to_port": 0
              }
            ],
            "id": "sg-037a036cc350c1db2",
            "ingress": [
              {
                "cidr_blocks": [
                  "0.0.0.0/0"
                ],
                "description": "Allow HTTP",
                "from_port": 8080,
                "ipv6_cidr_blocks": [],
                "prefix_list_ids": [],
                "protocol": "tcp",
                "security_groups": [],
                "self": false,
                "to_port": 8080
              },
              {
                "cidr_blocks": [
                  "0.0.0.0/0"
                ],
                "description": "Allow SSH",
                "from_port": 22,
                "ipv6_cidr_blocks": [],
                "prefix_list_ids": [],
                "protocol": "tcp",
                "security_groups": [],
                "self": false,
                "to_port": 22
              }
            ],
            "name": "istory nginx sg20250322055016115800000004",
            "name_prefix": "istory nginx sg",
            "owner_id": "539247488838",
            "revoke_rules_on_delete": false,
            "tags": null,
            "tags_all": {},
            "timeouts": null,
            "vpc_id": "vpc-0263223bd52c01969"
          },
          "sensitive_attributes": [],
          "private": "eyJlMmJmYjczMC1lY2FhLTExZTYtOGY4OC0zNDM2M2JjN2M0YzAiOnsiY3JlYXRlIjo2MDAwMDAwMDAwMDAsImRlbGV0ZSI6OTAwMDAwMDAwMDAwfSwic2NoZW1hX3ZlcnNpb24iOiIxIn0=",
          "dependencies": [
            "aws_vpc.dangtong-vpc"
          ]
        }
      ]
    },
    {
      "mode": "managed",
      "type": "aws_security_group",
      "name": "istory_rds_sg",
      "provider": "provider[\"registry.terraform.io/hashicorp/aws\"]",
      "instances": [
        {
          "schema_version": 1,
          "attributes": {
            "arn": "arn:aws:ec2:ap-northeast-2:539247488838:security-group/sg-07f4b460a71bac8e2",
            "description": "Managed by Terraform",
            "egress": [
              {
                "cidr_blocks": [
                  "0.0.0.0/0"
                ],
                "description": "",
                "from_port": 0,
                "ipv6_cidr_blocks": [],
                "prefix_list_ids": [],
                "protocol": "-1",
                "security_groups": [],
                "self": false,
                "to_port": 0
              }
            ],
            "id": "sg-07f4b460a71bac8e2",
            "ingress": [
              {
                "cidr_blocks": [],
                "description": "Allow MySQL from EC2",
                "from_port": 3306,
                "ipv6_cidr_blocks": [],
                "prefix_list_ids": [],
                "protocol": "tcp",
                "security_groups": [
                  "sg-037a036cc350c1db2"
                ],
                "self": false,
                "to_port": 3306
              }
            ],
            "name": "istory rds sg20250322055018673800000006",
            "name_prefix": "istory rds sg",
            "owner_id": "539247488838",
            "revoke_rules_on_delete": false,
            "tags": {
              "Name": "istory-rds-sg"
            },
            "tags_all": {
              "Name": "istory-rds-sg"
            },
            "timeouts": null,
            "vpc_id": "vpc-0263223bd52c01969"
          },
          "sensitive_attributes": [],
          "private": "eyJlMmJmYjczMC1lY2FhLTExZTYtOGY4OC0zNDM2M2JjN2M0YzAiOnsiY3JlYXRlIjo2MDAwMDAwMDAwMDAsImRlbGV0ZSI6OTAwMDAwMDAwMDAwfSwic2NoZW1hX3ZlcnNpb24iOiIxIn0=",
          "dependencies": [
            "aws_security_group.istory_nginx_sg",
            "aws_vpc.dangtong-vpc"
          ]
        }
      ]
    },
    {
      "mode": "managed",
      "type": "aws_subnet",
      "name": "dangtong-vpc-public-subnet",
      "provider": "provider[\"registry.terraform.io/hashicorp/aws\"]",
      "instances": [
        {
          "index_key": "a",
          "schema_version": 1,
          "attributes": {
            "arn": "arn:aws:ec2:ap-northeast-2:539247488838:subnet/subnet-0444f3b54ef92dd41",
            "assign_ipv6_address_on_creation": false,
            "availability_zone": "ap-northeast-2a",
            "availability_zone_id": "apne2-az1",
            "cidr_block": "10.0.1.0/24",
            "customer_owned_ipv4_pool": "",
            "enable_dns64": false,
            "enable_lni_at_device_index": 0,
            "enable_resource_name_dns_a_record_on_launch": false,
            "enable_resource_name_dns_aaaa_record_on_launch": false,
            "id": "subnet-0444f3b54ef92dd41",
            "ipv6_cidr_block": "",
            "ipv6_cidr_block_association_id": "",
            "ipv6_native": false,
            "map_customer_owned_ip_on_launch": false,
            "map_public_ip_on_launch": true,
            "outpost_arn": "",
            "owner_id": "539247488838",
            "private_dns_hostname_type_on_launch": "ip-name",
            "tags": {
              "Name": "dangtong-vpc-public-subnet-a"
            },
            "tags_all": {
              "Name": "dangtong-vpc-public-subnet-a"
            },
            "timeouts": null,
            "vpc_id": "vpc-0263223bd52c01969"
          },
          "sensitive_attributes": [],
          "private": "eyJlMmJmYjczMC1lY2FhLTExZTYtOGY4OC0zNDM2M2JjN2M0YzAiOnsiY3JlYXRlIjo2MDAwMDAwMDAwMDAsImRlbGV0ZSI6MTIwMDAwMDAwMDAwMH0sInNjaGVtYV92ZXJzaW9uIjoiMSJ9",
          "dependencies": [
            "aws_vpc.dangtong-vpc"
          ]
        },
        {
          "index_key": "b",
          "schema_version": 1,
          "attributes": {
            "arn": "arn:aws:ec2:ap-northeast-2:539247488838:subnet/subnet-071873cf409d0390a",
            "assign_ipv6_address_on_creation": false,
            "availability_zone": "ap-northeast-2b",
            "availability_zone_id": "apne2-az2",
            "cidr_block": "10.0.2.0/24",
            "customer_owned_ipv4_pool": "",
            "enable_dns64": false,
            "enable_lni_at_device_index": 0,
            "enable_resource_name_dns_a_record_on_launch": false,
            "enable_resource_name_dns_aaaa_record_on_launch": false,
            "id": "subnet-071873cf409d0390a",
            "ipv6_cidr_block": "",
            "ipv6_cidr_block_association_id": "",
            "ipv6_native": false,
            "map_customer_owned_ip_on_launch": false,
            "map_public_ip_on_launch": true,
            "outpost_arn": "",
            "owner_id": "539247488838",
            "private_dns_hostname_type_on_launch": "ip-name",
            "tags": {
              "Name": "dangtong-vpc-public-subnet-b"
            },
            "tags_all": {
              "Name": "dangtong-vpc-public-subnet-b"
            },
            "timeouts": null,
            "vpc_id": "vpc-0263223bd52c01969"
          },
          "sensitive_attributes": [],
          "private": "eyJlMmJmYjczMC1lY2FhLTExZTYtOGY4OC0zNDM2M2JjN2M0YzAiOnsiY3JlYXRlIjo2MDAwMDAwMDAwMDAsImRlbGV0ZSI6MTIwMDAwMDAwMDAwMH0sInNjaGVtYV92ZXJzaW9uIjoiMSJ9",
          "dependencies": [
            "aws_vpc.dangtong-vpc"
          ]
        },
        {
          "index_key": "c",
          "schema_version": 1,
          "attributes": {
            "arn": "arn:aws:ec2:ap-northeast-2:539247488838:subnet/subnet-0373fec166298587e",
            "assign_ipv6_address_on_creation": false,
            "availability_zone": "ap-northeast-2c",
            "availability_zone_id": "apne2-az3",
            "cidr_block": "10.0.3.0/24",
            "customer_owned_ipv4_pool": "",
            "enable_dns64": false,
            "enable_lni_at_device_index": 0,
            "enable_resource_name_dns_a_record_on_launch": false,
            "enable_resource_name_dns_aaaa_record_on_launch": false,
            "id": "subnet-0373fec166298587e",
            "ipv6_cidr_block": "",
            "ipv6_cidr_block_association_id": "",
            "ipv6_native": false,
            "map_customer_owned_ip_on_launch": false,
            "map_public_ip_on_launch": true,
            "outpost_arn": "",
            "owner_id": "539247488838",
            "private_dns_hostname_type_on_launch": "ip-name",
            "tags": {
              "Name": "dangtong-vpc-public-subnet-c"
            },
            "tags_all": {
              "Name": "dangtong-vpc-public-subnet-c"
            },
            "timeouts": null,
            "vpc_id": "vpc-0263223bd52c01969"
          },
          "sensitive_attributes": [],
          "private": "eyJlMmJmYjczMC1lY2FhLTExZTYtOGY4OC0zNDM2M2JjN2M0YzAiOnsiY3JlYXRlIjo2MDAwMDAwMDAwMDAsImRlbGV0ZSI6MTIwMDAwMDAwMDAwMH0sInNjaGVtYV92ZXJzaW9uIjoiMSJ9",
          "dependencies": [
            "aws_vpc.dangtong-vpc"
          ]
        },
        {
          "index_key": "d",
          "schema_version": 1,
          "attributes": {
            "arn": "arn:aws:ec2:ap-northeast-2:539247488838:subnet/subnet-0b7b903a6eabcd557",
            "assign_ipv6_address_on_creation": false,
            "availability_zone": "ap-northeast-2d",
            "availability_zone_id": "apne2-az4",
            "cidr_block": "10.0.4.0/24",
            "customer_owned_ipv4_pool": "",
            "enable_dns64": false,
            "enable_lni_at_device_index": 0,
            "enable_resource_name_dns_a_record_on_launch": false,
            "enable_resource_name_dns_aaaa_record_on_launch": false,
            "id": "subnet-0b7b903a6eabcd557",
            "ipv6_cidr_block": "",
            "ipv6_cidr_block_association_id": "",
            "ipv6_native": false,
            "map_customer_owned_ip_on_launch": false,
            "map_public_ip_on_launch": true,
            "outpost_arn": "",
            "owner_id": "539247488838",
            "private_dns_hostname_type_on_launch": "ip-name",
            "tags": {
              "Name": "dangtong-vpc-public-subnet-d"
            },
            "tags_all": {
              "Name": "dangtong-vpc-public-subnet-d"
            },
            "timeouts": null,
            "vpc_id": "vpc-0263223bd52c01969"
          },
          "sensitive_attributes": [],
          "private": "eyJlMmJmYjczMC1lY2FhLTExZTYtOGY4OC0zNDM2M2JjN2M0YzAiOnsiY3JlYXRlIjo2MDAwMDAwMDAwMDAsImRlbGV0ZSI6MTIwMDAwMDAwMDAwMH0sInNjaGVtYV92ZXJzaW9uIjoiMSJ9",
          "dependencies": [
            "aws_vpc.dangtong-vpc"
          ]
        }
      ]
    },
    {
      "mode": "managed",
      "type": "aws_vpc",
      "name": "dangtong-vpc",
      "provider": "provider[\"registry.terraform.io/hashicorp/aws\"]",
      "instances": [
        {
          "schema_version": 1,
          "attributes": {
            "arn": "arn:aws:ec2:ap-northeast-2:539247488838:vpc/vpc-0263223bd52c01969",
            "assign_generated_ipv6_cidr_block": false,
            "cidr_block": "10.0.0.0/16",
            "default_network_acl_id": "acl-0142430cc74a76dfe",
            "default_route_table_id": "rtb-0b26a98d95c77fc99",
            "default_security_group_id": "sg-08dd5389b9e2e0a66",
            "dhcp_options_id": "dopt-065480b50c6eb3576",
            "enable_dns_hostnames": true,
            "enable_dns_support": true,
            "enable_network_address_usage_metrics": false,
            "id": "vpc-0263223bd52c01969",
            "instance_tenancy": "default",
            "ipv4_ipam_pool_id": null,
            "ipv4_netmask_length": null,
            "ipv6_association_id": "",
            "ipv6_cidr_block": "",
            "ipv6_cidr_block_network_border_group": "",
            "ipv6_ipam_pool_id": "",
            "ipv6_netmask_length": 0,
            "main_route_table_id": "rtb-0b26a98d95c77fc99",
            "owner_id": "539247488838",
            "tags": {
              "Name": "dangtong-vpc"
            },
            "tags_all": {
              "Name": "dangtong-vpc"
            }
          },
          "sensitive_attributes": [],
          "private": "eyJzY2hlbWFfdmVyc2lvbiI6IjEifQ=="
        }
      ]
    },
    {
      "mode": "managed",
      "type": "tls_private_key",
      "name": "ec2_private_key",
      "provider": "provider[\"registry.terraform.io/hashicorp/tls\"]",
      "instances": [
        {
          "schema_version": 1,
          "attributes": {
            "algorithm": "RSA",
            "ecdsa_curve": "P224",
            "id": "deca9a765e5ced25dbe097870febb17e5d0dcf43",
            "private_key_openssh": "-----BEGIN OPENSSH PRIVATE KEY-----\nb3BlbnNzaC1rZXktdjEAAAAABG5vbmUAAAAEbm9uZQAAAAAAAAABAAABFwAAAAdz\nc2gtcnNhAAAAAwEAAQAAAQEAxrpiFNZh8vXa08FA4bfVcHGWIZkHbHOkO+oLbd17\n5dSpGdTVq6cXQW+Jsl0FB7O8rb8BoYlrv9rOh/mQvDhS13crCr8B0ZWYNj2BR7DF\nnCz5npXGKyppkd0HwQ7k3/y7vpJfp0nYRo/pVRjZeUUSskSw1eKBh+uiWG00Rqmd\nWKNRr9ZL9z6dUwCygqDhAknamBEEhdkmELR9E4Pl3tx7k51YMQip/v8gDx+3cHJL\n6DYjj75hjrFis6BD3XfKEo+5HdoRb9+388naVtbOZlTiLPrFY/OsUVXT3GVLE/n6\nKIC/1+6bqJNOTjmlgx9gjHamBwyHyMC38ZJveSDazL+xzwAAA7iGI/M5hiPzOQAA\nAAdzc2gtcnNhAAABAQDGumIU1mHy9drTwUDht9VwcZYhmQdsc6Q76gtt3Xvl1KkZ\n1NWrpxdBb4myXQUHs7ytvwGhiWu/2s6H+ZC8OFLXdysKvwHRlZg2PYFHsMWcLPme\nlcYrKmmR3QfBDuTf/Lu+kl+nSdhGj+lVGNl5RRKyRLDV4oGH66JYbTRGqZ1Yo1Gv\n1kv3Pp1TALKCoOECSdqYEQSF2SYQtH0Tg+Xe3HuTnVgxCKn+/yAPH7dwckvoNiOP\nvmGOsWKzoEPdd8oSj7kd2hFv37fzydpW1s5mVOIs+sVj86xRVdPcZUsT+foogL/X\n7puok05OOaWDH2CMdqYHDIfIwLfxkm95INrMv7HPAAAAAwEAAQAAAQBmUB0hF0K0\ngKlZ7hwGWcwUqRYfVBcDWgJLKnMZ7DbWnAc3mmErj8okUVV2M/fcAEh6t2USkpqb\n2v4L+Yvvq5vS/LJ3ROGd0sPb4QyHKVaD0o/terTdEmfpxf8xAQcK3qaWNevzR8yG\nf58kxbdpfQtkJoNYitYfcUxS9F4+pyKwN/ShVwIlvUZnjtOhrz6P5UhSZWbX09HW\nHqeRBKYJWmcA4RE+FzulLwRTI1n1eq6YTYciQtc2Y8G0rEVut47eRP1+ULUEroVa\n7WnyoInODw0/nrLMcRDwktHTxA7HnyvieQfYKxyEkOAX7Riu81yH29mB+JeI3ygw\n6x0vdrCzHy2JAAAAgF4Z3IQa2u0b8nkQ//fjUtzvGbDjXeZMeJ6PXzQ/CxQqor1Q\nK7KBXTVrh+ijH+mLm1AkCIoFLIj0Isp7EIYmCBecgUCm2iYr/+O3FrYQnUTr+S+P\noUb0L3ZMZyv6pvgSL7wwAnYkn1RiqkZ2KTNubMEON837KUgqbgAeAgsgol8cAAAA\ngQDwlrjUHCEsG2+oyqqTtOLjQJPe0NxE6HdNJVSjn5Ip2ZjE6NNTwgQhVMFL8ieH\nGOSCSQuEXqfUzuhrHN8Y3R6odj16jIzY8zkuq02vMU0xV9OdgdL4ePLXy/pa8vTu\nKA21rV9SFsrxxK64p3ClIo/KCiBeUPaqZ4wXQQV4NeKBMwAAAIEA03U2HYZHe1zH\nsdzIpdoCcQz0R6KfKjUQtK+v6DW2QI39H66hzjv9NOZFV+tr7pHoNcJqeIqk3Ruz\n7F2HxK+5zD8DTXDb50TUOG9rIkxWyuuBWW8uvGgHjkPj5Y/7pmtYoFDKwC7IIu3a\nCj43n9ryxLoZ6LUkS29eXO8cg621xPUAAAAAAQID\n-----END OPENSSH PRIVATE KEY-----\n",
            "private_key_pem": "-----BEGIN RSA PRIVATE KEY-----\nMIIEogIBAAKCAQEAxrpiFNZh8vXa08FA4bfVcHGWIZkHbHOkO+oLbd175dSpGdTV\nq6cXQW+Jsl0FB7O8rb8BoYlrv9rOh/mQvDhS13crCr8B0ZWYNj2BR7DFnCz5npXG\nKyppkd0HwQ7k3/y7vpJfp0nYRo/pVRjZeUUSskSw1eKBh+uiWG00RqmdWKNRr9ZL\n9z6dUwCygqDhAknamBEEhdkmELR9E4Pl3tx7k51YMQip/v8gDx+3cHJL6DYjj75h\njrFis6BD3XfKEo+5HdoRb9+388naVtbOZlTiLPrFY/OsUVXT3GVLE/n6KIC/1+6b\nqJNOTjmlgx9gjHamBwyHyMC38ZJveSDazL+xzwIDAQABAoIBAGZQHSEXQrSAqVnu\nHAZZzBSpFh9UFwNaAksqcxnsNtacBzeaYSuPyiRRVXYz99wASHq3ZRKSmpva/gv5\ni++rm9L8sndE4Z3Sw9vhDIcpVoPSj+16tN0SZ+nF/zEBBwreppY16/NHzIZ/nyTF\nt2l9C2Qmg1iK1h9xTFL0Xj6nIrA39KFXAiW9RmeO06GvPo/lSFJlZtfT0dYep5EE\npglaZwDhET4XO6UvBFMjWfV6rphNhyJC1zZjwbSsRW63jt5E/X5QtQSuhVrtafKg\nic4PDT+essxxEPCS0dPEDsefK+J5B9grHISQ4BftGK7zXIfb2YH4l4jfKDDrHS92\nsLMfLYkCgYEA8Ja41BwhLBtvqMqqk7Ti40CT3tDcROh3TSVUo5+SKdmYxOjTU8IE\nIVTBS/InhxjkgkkLhF6n1M7oaxzfGN0eqHY9eoyM2PM5LqtNrzFNMVfTnYHS+Hjy\n18v6WvL07igNta1fUhbK8cSuuKdwpSKPygogXlD2qmeMF0EFeDXigTMCgYEA03U2\nHYZHe1zHsdzIpdoCcQz0R6KfKjUQtK+v6DW2QI39H66hzjv9NOZFV+tr7pHoNcJq\neIqk3Ruz7F2HxK+5zD8DTXDb50TUOG9rIkxWyuuBWW8uvGgHjkPj5Y/7pmtYoFDK\nwC7IIu3aCj43n9ryxLoZ6LUkS29eXO8cg621xPUCgYAauaNubHGC5MlShrDMF5vc\ngp/qcGkHfotCFpOAWYly/KjrtrFC7Jpo2XFfblbVuv4nOtX8rkcWbKWEwIBH0shF\nDl1l75b1wo7nkD/g5ikdAhSPuowk7cqMDiyRTcvHaMudEtUz2TRSBvchq/fnYB94\n4gcWcwfzhe0Z6C8jW1j94QKBgEYS86n5E7sn1e11MvDzPBfmqRUMKR69kxmtluem\n1QyzgQx8vJYxfwmGvbgTBiN7Kq6WDN6BY3z6bzeHDzT43uN2hkuleNo9Du7czW4C\nSkjYnnbax2wcNVTJ3r32ZviRXj9SRr5FQoGAvN7kG17YGddjrK5XSP3OnEDD5Hkm\nmbP5AoGAXhnchBra7RvyeRD/9+NS3O8ZsONd5kx4no9fND8LFCqivVArsoFdNWuH\n6KMf6YubUCQIigUsiPQiynsQhiYIF5yBQKbaJiv/47cWthCdROv5L4+hRvQvdkxn\nK/qm+BIvvDACdiSfVGKqRnYpM25swQ43zfspSCpuAB4CCyCiXxw=\n-----END RSA PRIVATE KEY-----\n",
            "private_key_pem_pkcs8": "-----BEGIN PRIVATE KEY-----\nMIIEvAIBADANBgkqhkiG9w0BAQEFAASCBKYwggSiAgEAAoIBAQDGumIU1mHy9drT\nwUDht9VwcZYhmQdsc6Q76gtt3Xvl1KkZ1NWrpxdBb4myXQUHs7ytvwGhiWu/2s6H\n+ZC8OFLXdysKvwHRlZg2PYFHsMWcLPmelcYrKmmR3QfBDuTf/Lu+kl+nSdhGj+lV\nGNl5RRKyRLDV4oGH66JYbTRGqZ1Yo1Gv1kv3Pp1TALKCoOECSdqYEQSF2SYQtH0T\ng+Xe3HuTnVgxCKn+/yAPH7dwckvoNiOPvmGOsWKzoEPdd8oSj7kd2hFv37fzydpW\n1s5mVOIs+sVj86xRVdPcZUsT+foogL/X7puok05OOaWDH2CMdqYHDIfIwLfxkm95\nINrMv7HPAgMBAAECggEAZlAdIRdCtICpWe4cBlnMFKkWH1QXA1oCSypzGew21pwH\nN5phK4/KJFFVdjP33ABIerdlEpKam9r+C/mL76ub0vyyd0ThndLD2+EMhylWg9KP\n7Xq03RJn6cX/MQEHCt6mljXr80fMhn+fJMW3aX0LZCaDWIrWH3FMUvRePqcisDf0\noVcCJb1GZ47Toa8+j+VIUmVm19PR1h6nkQSmCVpnAOERPhc7pS8EUyNZ9XqumE2H\nIkLXNmPBtKxFbreO3kT9flC1BK6FWu1p8qCJzg8NP56yzHEQ8JLR08QOx58r4nkH\n2CschJDgF+0YrvNch9vZgfiXiN8oMOsdL3awsx8tiQKBgQDwlrjUHCEsG2+oyqqT\ntOLjQJPe0NxE6HdNJVSjn5Ip2ZjE6NNTwgQhVMFL8ieHGOSCSQuEXqfUzuhrHN8Y\n3R6odj16jIzY8zkuq02vMU0xV9OdgdL4ePLXy/pa8vTuKA21rV9SFsrxxK64p3Cl\nIo/KCiBeUPaqZ4wXQQV4NeKBMwKBgQDTdTYdhkd7XMex3Mil2gJxDPRHop8qNRC0\nr6/oNbZAjf0frqHOO/005kVX62vukeg1wmp4iqTdG7PsXYfEr7nMPwNNcNvnRNQ4\nb2siTFbK64FZby68aAeOQ+Plj/uma1igUMrALsgi7doKPjef2vLEuhnotSRLb15c\n7xyDrbXE9QKBgBq5o25scYLkyVKGsMwXm9yCn+pwaQd+i0IWk4BZiXL8qOu2sULs\nmmjZcV9uVtW6/ic61fyuRxZspYTAgEfSyEUOXWXvlvXCjueQP+DmKR0CFI+6jCTt\nyowOLJFNy8doy50S1TPZNFIG9yGr9+dgH3jiBxZzB/OF7RnoLyNbWP3hAoGARhLz\nqfkTuyfV7XUy8PM8F+apFQwpHr2TGa2W56bVDLOBDHy8ljF/CYa9uBMGI3sqrpYM\n3oFjfPpvN4cPNPje43aGS6V42j0O7tzNbgJKSNiedtrHbBw1VMnevfZm+JFeP1JG\nvkVCgYC83uQbXtgZ12OsrldI/c6cQMPkeSaZs/kCgYBeGdyEGtrtG/J5EP/341Lc\n7xmw413mTHiej180PwsUKqK9UCuygV01a4foox/pi5tQJAiKBSyI9CLKexCGJggX\nnIFAptomK//jtxa2EJ1E6/kvj6FG9C92TGcr+qb4Ei+8MAJ2JJ9UYqpGdikzbmzB\nDjfN+ylIKm4AHgILIKJfHA==\n-----END PRIVATE KEY-----\n",
            "public_key_fingerprint_md5": "bb:e4:62:ba:8d:e3:ad:60:e7:8c:31:91:42:b2:0a:4a",
            "public_key_fingerprint_sha256": "SHA256:0oM8oKnaTrUbo9xk+QCirmRLyhKl+Sgj2fuYdaaIkbY",
            "public_key_openssh": "ssh-rsa AAAAB3NzaC1yc2EAAAADAQABAAABAQDGumIU1mHy9drTwUDht9VwcZYhmQdsc6Q76gtt3Xvl1KkZ1NWrpxdBb4myXQUHs7ytvwGhiWu/2s6H+ZC8OFLXdysKvwHRlZg2PYFHsMWcLPmelcYrKmmR3QfBDuTf/Lu+kl+nSdhGj+lVGNl5RRKyRLDV4oGH66JYbTRGqZ1Yo1Gv1kv3Pp1TALKCoOECSdqYEQSF2SYQtH0Tg+Xe3HuTnVgxCKn+/yAPH7dwckvoNiOPvmGOsWKzoEPdd8oSj7kd2hFv37fzydpW1s5mVOIs+sVj86xRVdPcZUsT+foogL/X7puok05OOaWDH2CMdqYHDIfIwLfxkm95INrMv7HP\n",
            "public_key_pem": "-----BEGIN PUBLIC KEY-----\nMIIBIjANBgkqhkiG9w0BAQEFAAOCAQ8AMIIBCgKCAQEAxrpiFNZh8vXa08FA4bfV\ncHGWIZkHbHOkO+oLbd175dSpGdTVq6cXQW+Jsl0FB7O8rb8BoYlrv9rOh/mQvDhS\n13crCr8B0ZWYNj2BR7DFnCz5npXGKyppkd0HwQ7k3/y7vpJfp0nYRo/pVRjZeUUS\nskSw1eKBh+uiWG00RqmdWKNRr9ZL9z6dUwCygqDhAknamBEEhdkmELR9E4Pl3tx7\nk51YMQip/v8gDx+3cHJL6DYjj75hjrFis6BD3XfKEo+5HdoRb9+388naVtbOZlTi\nLPrFY/OsUVXT3GVLE/n6KIC/1+6bqJNOTjmlgx9gjHamBwyHyMC38ZJveSDazL+x\nzwIDAQAB\n-----END PUBLIC KEY-----\n",
            "rsa_bits": 2048
          },
          "sensitive_attributes": [
            [
              {
                "type": "get_attr",
                "value": "private_key_pem_pkcs8"
              }
            ],
            [
              {
                "type": "get_attr",
                "value": "private_key_openssh"
              }
            ],
            [
              {
                "type": "get_attr",
                "value": "private_key_pem"
              }
            ]
          ]
        }
      ]
    }
  ],
  "check_results": null
}
